
Microsoft Visual Studio Solution File, Format Version 12.00
# Visual Studio Version 17
VisualStudioVersion = 17.1.32328.378
MinimumVisualStudioVersion = 10.0.40219.1
Project("{FAE04EC0-301F-11D3-BF4B-00C04F79EFBC}") = "Quicker", "Quicker\Quicker.csproj", "{70FD09D7-9072-45EE-A71B-80C49DA78A69}"
EndProject
Global
	GlobalSection(SolutionConfigurationPlatforms) = preSolution
		Debug|Any CPU = Debug|Any CPU
		Release|Any CPU = Release|Any CPU
	EndGlobalSection
	GlobalSection(ProjectConfigurationPlatforms) = postSolution
		{3978CB59-1484-411A-B602-5B69812FCD8B}.Debug|Any CPU.ActiveCfg = Debug|Any CPU
		{3978CB59-1484-411A-B602-5B69812FCD8B}.Debug|Any CPU.Build.0 = Debug|Any CPU
		{3978CB59-1484-411A-B602-5B69812FCD8B}.Release|Any CPU.ActiveCfg = Release|Any CPU
		{3978CB59-1484-411A-B602-5B69812FCD8B}.Release|Any CPU.Build.0 = Release|Any CPU
		{70FD09D7-9072-45EE-A71B-80C49DA78A69}.Debug|Any CPU.ActiveCfg = Debug|Any CPU
		{70FD09D7-9072-45EE-A71B-80C49DA78A69}.Debug|Any CPU.Build.0 = Debug|Any CPU
		{70FD09D7-9072-45EE-A71B-80C49DA78A69}.Release|Any CPU.ActiveCfg = Release|Any CPU
		{70FD09D7-9072-45EE-A71B-80C49DA78A69}.Release|Any CPU.Build.0 = Release|Any CPU
	EndGlobalSection
	GlobalSection(SolutionProperties) = preSolution
		HideSolutionNode = FALSE
	EndGlobalSection
	GlobalSection(ExtensibilityGlobals) = postSolution
		SolutionGuid = {3BA26864-D1CA-44F9-A2B1-37A23BE438B0}
	EndGlobalSection
EndGlobal
